
Microsoft Visual Studio Solution File, Format Version 12.00
# Visual Studio 15
VisualStudioVersion = 15.0.28307.168
MinimumVisualStudioVersion = 10.0.40219.1
Project("{9A19103F-16F7-4668-BE54-9A1E7A4F7556}") = "ToDo.Console", "ToDo\ToDo.Console.csproj", "{08175A19-8AE1-4278-87C4-64CB3DE75328}"
EndProject
Project("{9A19103F-16F7-4668-BE54-9A1E7A4F7556}") = "ToDo.Test", "ToDo.Test\ToDo.Test.csproj", "{5CA57797-1DE1-491D-A98F-8D73B723FE0F}"
EndProject
Project("{9A19103F-16F7-4668-BE54-9A1E7A4F7556}") = "ToDo.Core", "ToDo.Core\ToDo.Core.csproj", "{74F5BD2F-ECAF-495A-8AB2-09523417EDE8}"
EndProject
Project("{9A19103F-16F7-4668-BE54-9A1E7A4F7556}") = "ToDo.Api", "ToDo.Api\ToDo.Api.csproj", "{40FB9E57-9A59-448B-924A-88DE9BC8839C}"
EndProject
Project("{2150E333-8FDC-42A3-9474-1A3956D46DE8}") = "General", "General", "{73E21825-15BB-4FDC-B853-752DC1C7E1E2}"
	ProjectSection(SolutionItems) = preProject
		Async and Await in Asp.Net = Async and Await in Asp.Net
		Serilog and ELK.txt = Serilog and ELK.txt
	EndProjectSection
EndProject
Project("{9092AA53-FB77-4645-B42D-1CCCA6BD08BD}") = "Vue.Portal", "Vue.Portal\Vue.Portal.njsproj", "{F08EAE44-81B4-4DE3-91F5-8AB170C84949}"
EndProject
Global
	GlobalSection(SolutionConfigurationPlatforms) = preSolution
		Debug|Any CPU = Debug|Any CPU
		Release|Any CPU = Release|Any CPU
	EndGlobalSection
	GlobalSection(ProjectConfigurationPlatforms) = postSolution
		{08175A19-8AE1-4278-87C4-64CB3DE75328}.Debug|Any CPU.ActiveCfg = Debug|Any CPU
		{08175A19-8AE1-4278-87C4-64CB3DE75328}.Debug|Any CPU.Build.0 = Debug|Any CPU
		{08175A19-8AE1-4278-87C4-64CB3DE75328}.Release|Any CPU.ActiveCfg = Release|Any CPU
		{08175A19-8AE1-4278-87C4-64CB3DE75328}.Release|Any CPU.Build.0 = Release|Any CPU
		{5CA57797-1DE1-491D-A98F-8D73B723FE0F}.Debug|Any CPU.ActiveCfg = Debug|Any CPU
		{5CA57797-1DE1-491D-A98F-8D73B723FE0F}.Debug|Any CPU.Build.0 = Debug|Any CPU
		{5CA57797-1DE1-491D-A98F-8D73B723FE0F}.Release|Any CPU.ActiveCfg = Release|Any CPU
		{5CA57797-1DE1-491D-A98F-8D73B723FE0F}.Release|Any CPU.Build.0 = Release|Any CPU
		{74F5BD2F-ECAF-495A-8AB2-09523417EDE8}.Debug|Any CPU.ActiveCfg = Debug|Any CPU
		{74F5BD2F-ECAF-495A-8AB2-09523417EDE8}.Debug|Any CPU.Build.0 = Debug|Any CPU
		{74F5BD2F-ECAF-495A-8AB2-09523417EDE8}.Release|Any CPU.ActiveCfg = Release|Any CPU
		{74F5BD2F-ECAF-495A-8AB2-09523417EDE8}.Release|Any CPU.Build.0 = Release|Any CPU
		{40FB9E57-9A59-448B-924A-88DE9BC8839C}.Debug|Any CPU.ActiveCfg = Debug|Any CPU
		{40FB9E57-9A59-448B-924A-88DE9BC8839C}.Debug|Any CPU.Build.0 = Debug|Any CPU
		{40FB9E57-9A59-448B-924A-88DE9BC8839C}.Release|Any CPU.ActiveCfg = Release|Any CPU
		{40FB9E57-9A59-448B-924A-88DE9BC8839C}.Release|Any CPU.Build.0 = Release|Any CPU
		{F08EAE44-81B4-4DE3-91F5-8AB170C84949}.Debug|Any CPU.ActiveCfg = Debug|Any CPU
		{F08EAE44-81B4-4DE3-91F5-8AB170C84949}.Debug|Any CPU.Build.0 = Debug|Any CPU
		{F08EAE44-81B4-4DE3-91F5-8AB170C84949}.Release|Any CPU.ActiveCfg = Release|Any CPU
		{F08EAE44-81B4-4DE3-91F5-8AB170C84949}.Release|Any CPU.Build.0 = Release|Any CPU
	EndGlobalSection
	GlobalSection(SolutionProperties) = preSolution
		HideSolutionNode = FALSE
	EndGlobalSection
	GlobalSection(ExtensibilityGlobals) = postSolution
		SolutionGuid = {08EBC35E-C06C-4625-868D-80B18BB9AF7A}
	EndGlobalSection
EndGlobal
